
Microsoft Visual Studio Solution File, Format Version 12.00
# Visual Studio Version 16
VisualStudioVersion = 16.0.31729.503
MinimumVisualStudioVersion = 10.0.40219.1
Project("{FAE04EC0-301F-11D3-BF4B-00C04F79EFBC}") = "HelloGitHub1", "HelloGitHub1\HelloGitHub1.csproj", "{16B50B08-EEEA-4707-AFFB-3F95FDBD5C3C}"
EndProject
Global
	GlobalSection(SolutionConfigurationPlatforms) = preSolution
		Debug|Any CPU = Debug|Any CPU
		Release|Any CPU = Release|Any CPU
	EndGlobalSection
	GlobalSection(ProjectConfigurationPlatforms) = postSolution
		{16B50B08-EEEA-4707-AFFB-3F95FDBD5C3C}.Debug|Any CPU.ActiveCfg = Debug|Any CPU
		{16B50B08-EEEA-4707-AFFB-3F95FDBD5C3C}.Debug|Any CPU.Build.0 = Debug|Any CPU
		{16B50B08-EEEA-4707-AFFB-3F95FDBD5C3C}.Release|Any CPU.ActiveCfg = Release|Any CPU
		{16B50B08-EEEA-4707-AFFB-3F95FDBD5C3C}.Release|Any CPU.Build.0 = Release|Any CPU
	EndGlobalSection
	GlobalSection(SolutionProperties) = preSolution
		HideSolutionNode = FALSE
	EndGlobalSection
	GlobalSection(ExtensibilityGlobals) = postSolution
		SolutionGuid = {A8DFC986-8E35-4F83-9614-A0DD833993AE}
	EndGlobalSection
EndGlobal
